// !$*UTF8*$!
{
	archiveVersion = 1;
	classes = {
	};
	objectVersion = 46;
	objects = {

/* Begin PBXBuildFile section */
		E11FA3ED1909AE7400D69D5F /* Foundation.framework in Frameworks */ = {isa = PBXBuildFile; fileRef = E11FA3EC1909AE7400D69D5F /* Foundation.framework */; };
		E11FA3F01909AE7400D69D5F /* main.m in Sources */ = {isa = PBXBuildFile; fileRef = E11FA3EF1909AE7400D69D5F /* main.m */; };
		E11FA3F41909AE7400D69D5F /* efvuctl.1 in CopyFiles */ = {isa = PBXBuildFile; fileRef = E11FA3F31909AE7400D69D5F /* efvuctl.1 */; };
		E11FA3FB1909AE9200D69D5F /* libefvu.a in Frameworks */ = {isa = PBXBuildFile; fileRef = E11FA3FA1909AE9200D69D5F /* libefvu.a */; };
		E155C835190BC36B0063BD4B /* libddcli.a in Frameworks */ = {isa = PBXBuildFile; fileRef = E155C834190BC36B0063BD4B /* libddcli.a */; };
		E155C838190BC92F0063BD4B /* EFVUCommandLineController.m in Sources */ = {isa = PBXBuildFile; fileRef = E155C837190BC92F0063BD4B /* EFVUCommandLineController.m */; };
/* End PBXBuildFile section */

/* Begin PBXCopyFilesBuildPhase section */
		E11FA3E71909AE7400D69D5F /* CopyFiles */ = {
			isa = PBXCopyFilesBuildPhase;
			buildActionMask = 2147483647;
			dstPath = /usr/share/man/man1/;
			dstSubfolderSpec = 0;
			files = (
				E11FA3F41909AE7400D69D5F /* efvuctl.1 in CopyFiles */,
			);
			runOnlyForDeploymentPostprocessing = 1;
		};
/* End PBXCopyFilesBuildPhase section */

/* Begin PBXFileReference section */
		E11FA3E91909AE7400D69D5F /* efvuctl */ = {isa = PBXFileReference; explicitFileType = "compiled.mach-o.executable"; includeInIndex = 0; path = efvuctl; sourceTree = BUILT_PRODUCTS_DIR; };
		E11FA3EC1909AE7400D69D5F /* Foundation.framework */ = {isa = PBXFileReference; lastKnownFileType = wrapper.framework; name = Foundation.framework; path = System/Library/Frameworks/Foundation.framework; sourceTree = SDKROOT; };
		E11FA3EF1909AE7400D69D5F /* main.m */ = {isa = PBXFileReference; lastKnownFileType = sourcecode.c.objc; path = main.m; sourceTree = "<group>"; };
		E11FA3F21909AE7400D69D5F /* efvuctl-Prefix.pch */ = {isa = PBXFileReference; lastKnownFileType = sourcecode.c.h; path = "efvuctl-Prefix.pch"; sourceTree = "<group>"; };
		E11FA3F31909AE7400D69D5F /* efvuctl.1 */ = {isa = PBXFileReference; lastKnownFileType = text.man; path = efvuctl.1; sourceTree = "<group>"; };
		E11FA3FA1909AE9200D69D5F /* libefvu.a */ = {isa = PBXFileReference; lastKnownFileType = archive.ar; name = libefvu.a; path = "../../../../../Library/Developer/Xcode/DerivedData/EFVU-ftkabsjstkcengbtytehvttgwopc/Build/Products/Debug/libefvu.a"; sourceTree = "<group>"; };
		E155C834190BC36B0063BD4B /* libddcli.a */ = {isa = PBXFileReference; lastKnownFileType = archive.ar; name = libddcli.a; path = ../Vendors/ddcli/build/Debug/libddcli.a; sourceTree = "<group>"; };
		E155C836190BC92F0063BD4B /* EFVUCommandLineController.h */ = {isa = PBXFileReference; fileEncoding = 4; lastKnownFileType = sourcecode.c.h; path = EFVUCommandLineController.h; sourceTree = "<group>"; };
		E155C837190BC92F0063BD4B /* EFVUCommandLineController.m */ = {isa = PBXFileReference; fileEncoding = 4; lastKnownFileType = sourcecode.c.objc; path = EFVUCommandLineController.m; sourceTree = "<group>"; };
		E155C83D190BFC4C0063BD4B /* CoreData.framework */ = {isa = PBXFileReference; lastKnownFileType = wrapper.framework; name = CoreData.framework; path = System/Library/Frameworks/CoreData.framework; sourceTree = SDKROOT; };
/* End PBXFileReference section */

/* Begin PBXFrameworksBuildPhase section */
		E11FA3E61909AE7400D69D5F /* Frameworks */ = {
			isa = PBXFrameworksBuildPhase;
			buildActionMask = 2147483647;
			files = (
				E155C835190BC36B0063BD4B /* libddcli.a in Frameworks */,
				E11FA3FB1909AE9200D69D5F /* libefvu.a in Frameworks */,
				E11FA3ED1909AE7400D69D5F /* Foundation.framework in Frameworks */,
			);
			runOnlyForDeploymentPostprocessing = 0;
		};
/* End PBXFrameworksBuildPhase section */

/* Begin PBXGroup section */
		E11FA3E01909AE7400D69D5F = {
			isa = PBXGroup;
			children = (
				E11FA3EE1909AE7400D69D5F /* efvuctl */,
				E11FA3EB1909AE7400D69D5F /* Frameworks */,
				E11FA3EA1909AE7400D69D5F /* Products */,
			);
			sourceTree = "<group>";
		};
		E11FA3EA1909AE7400D69D5F /* Products */ = {
			isa = PBXGroup;
			children = (
				E11FA3E91909AE7400D69D5F /* efvuctl */,
			);
			name = Products;
			sourceTree = "<group>";
		};
		E11FA3EB1909AE7400D69D5F /* Frameworks */ = {
			isa = PBXGroup;
			children = (
				E155C83D190BFC4C0063BD4B /* CoreData.framework */,
				E155C834190BC36B0063BD4B /* libddcli.a */,
				E11FA3FA1909AE9200D69D5F /* libefvu.a */,
				E11FA3EC1909AE7400D69D5F /* Foundation.framework */,
			);
			name = Frameworks;
			sourceTree = "<group>";
		};
		E11FA3EE1909AE7400D69D5F /* efvuctl */ = {
			isa = PBXGroup;
			children = (
				E11FA3EF1909AE7400D69D5F /* main.m */,
				E155C836190BC92F0063BD4B /* EFVUCommandLineController.h */,
				E155C837190BC92F0063BD4B /* EFVUCommandLineController.m */,
				E11FA3F31909AE7400D69D5F /* efvuctl.1 */,
				E11FA3F11909AE7400D69D5F /* Supporting Files */,
			);
			path = efvuctl;
			sourceTree = "<group>";
		};
		E11FA3F11909AE7400D69D5F /* Supporting Files */ = {
			isa = PBXGroup;
			children = (
				E11FA3F21909AE7400D69D5F /* efvuctl-Prefix.pch */,
			);
			name = "Supporting Files";
			sourceTree = "<group>";
		};
/* End PBXGroup section */

/* Begin PBXNativeTarget section */
		E11FA3E81909AE7400D69D5F /* efvuctl */ = {
			isa = PBXNativeTarget;
			buildConfigurationList = E11FA3F71909AE7400D69D5F /* Build configuration list for PBXNativeTarget "efvuctl" */;
			buildPhases = (
				E11FA3E51909AE7400D69D5F /* Sources */,
				E11FA3E61909AE7400D69D5F /* Frameworks */,
				E11FA3E71909AE7400D69D5F /* CopyFiles */,
			);
			buildRules = (
			);
			dependencies = (
			);
			name = efvuctl;
			productName = efvuctl;
			productReference = E11FA3E91909AE7400D69D5F /* efvuctl */;
			productType = "com.apple.product-type.tool";
		};
/* End PBXNativeTarget section */

/* Begin PBXProject section */
		E11FA3E11909AE7400D69D5F /* Project object */ = {
			isa = PBXProject;
			attributes = {
				LastUpgradeCheck = 0510;
				ORGANIZATIONNAME = "iNig-Services";
			};
			buildConfigurationList = E11FA3E41909AE7400D69D5F /* Build configuration list for PBXProject "efvuctl" */;
			compatibilityVersion = "Xcode 3.2";
			developmentRegion = English;
			hasScannedForEncodings = 0;
			knownRegions = (
				en,
			);
			mainGroup = E11FA3E01909AE7400D69D5F;
			productRefGroup = E11FA3EA1909AE7400D69D5F /* Products */;
			projectDirPath = "";
			projectRoot = "";
			targets = (
				E11FA3E81909AE7400D69D5F /* efvuctl */,
			);
		};
/* End PBXProject section */

/* Begin PBXSourcesBuildPhase section */
		E11FA3E51909AE7400D69D5F /* Sources */ = {
			isa = PBXSourcesBuildPhase;
			buildActionMask = 2147483647;
			files = (
				E11FA3F01909AE7400D69D5F /* main.m in Sources */,
				E155C838190BC92F0063BD4B /* EFVUCommandLineController.m in Sources */,
			);
			runOnlyForDeploymentPostprocessing = 0;
		};
/* End PBXSourcesBuildPhase section */

/* Begin XCBuildConfiguration section */
		E11FA3F51909AE7400D69D5F /* Debug */ = {
			isa = XCBuildConfiguration;
			buildSettings = {
				ALWAYS_SEARCH_USER_PATHS = NO;
				CLANG_CXX_LANGUAGE_STANDARD = "gnu++0x";
				CLANG_CXX_LIBRARY = "libc++";
				CLANG_ENABLE_MODULES = YES;
				CLANG_ENABLE_OBJC_ARC = YES;
				CLANG_WARN_BOOL_CONVERSION = YES;
				CLANG_WARN_CONSTANT_CONVERSION = YES;
				CLANG_WARN_DIRECT_OBJC_ISA_USAGE = YES_ERROR;
				CLANG_WARN_EMPTY_BODY = YES;
				CLANG_WARN_ENUM_CONVERSION = YES;
				CLANG_WARN_INT_CONVERSION = YES;
				CLANG_WARN_OBJC_ROOT_CLASS = YES_ERROR;
				CLANG_WARN__DUPLICATE_METHOD_MATCH = YES;
				COPY_PHASE_STRIP = NO;
				GCC_C_LANGUAGE_STANDARD = gnu99;
				GCC_DYNAMIC_NO_PIC = NO;
				GCC_ENABLE_OBJC_EXCEPTIONS = YES;
				GCC_OPTIMIZATION_LEVEL = 0;
				GCC_PREPROCESSOR_DEFINITIONS = (
					"DEBUG=1",
					"$(inherited)",
				);
				GCC_SYMBOLS_PRIVATE_EXTERN = NO;
				GCC_WARN_64_TO_32_BIT_CONVERSION = YES;
				GCC_WARN_ABOUT_RETURN_TYPE = YES_ERROR;
				GCC_WARN_UNDECLARED_SELECTOR = YES;
				GCC_WARN_UNINITIALIZED_AUTOS = YES_AGGRESSIVE;
				GCC_WARN_UNUSED_FUNCTION = YES;
				GCC_WARN_UNUSED_VARIABLE = YES;
				MACOSX_DEPLOYMENT_TARGET = 10.9;
				ONLY_ACTIVE_ARCH = YES;
				SDKROOT = macosx;
			};
			name = Debug;
		};
		E11FA3F61909AE7400D69D5F /* Release */ = {
			isa = XCBuildConfiguration;
			buildSettings = {
				ALWAYS_SEARCH_USER_PATHS = NO;
				CLANG_CXX_LANGUAGE_STANDARD = "gnu++0x";
				CLANG_CXX_LIBRARY = "libc++";
				CLANG_ENABLE_MODULES = YES;
				CLANG_ENABLE_OBJC_ARC = YES;
				CLANG_WARN_BOOL_CONVERSION = YES;
				CLANG_WARN_CONSTANT_CONVERSION = YES;
				CLANG_WARN_DIRECT_OBJC_ISA_USAGE = YES_ERROR;
				CLANG_WARN_EMPTY_BODY = YES;
				CLANG_WARN_ENUM_CONVERSION = YES;
				CLANG_WARN_INT_CONVERSION = YES;
				CLANG_WARN_OBJC_ROOT_CLASS = YES_ERROR;
				CLANG_WARN__DUPLICATE_METHOD_MATCH = YES;
				COPY_PHASE_STRIP = YES;
				DEBUG_INFORMATION_FORMAT = "dwarf-with-dsym";
				ENABLE_NS_ASSERTIONS = NO;
				GCC_C_LANGUAGE_STANDARD = gnu99;
				GCC_ENABLE_OBJC_EXCEPTIONS = YES;
				GCC_WARN_64_TO_32_BIT_CONVERSION = YES;
				GCC_WARN_ABOUT_RETURN_TYPE = YES_ERROR;
				GCC_WARN_UNDECLARED_SELECTOR = YES;
				GCC_WARN_UNINITIALIZED_AUTOS = YES_AGGRESSIVE;
				GCC_WARN_UNUSED_FUNCTION = YES;
				GCC_WARN_UNUSED_VARIABLE = YES;
				MACOSX_DEPLOYMENT_TARGET = 10.9;
				SDKROOT = macosx;
			};
			name = Release;
		};
		E11FA3F81909AE7400D69D5F /* Debug */ = {
			isa = XCBuildConfiguration;
			buildSettings = {
				GCC_PRECOMPILE_PREFIX_HEADER = YES;
				GCC_PREFIX_HEADER = "efvuctl/efvuctl-Prefix.pch";
				LIBRARY_SEARCH_PATHS = (
					"$(inherited)",
					"$(USER_LIBRARY_DIR)/Developer/Xcode/DerivedData/EFVU-ftkabsjstkcengbtytehvttgwopc/Build/Products/Debug",
					/Volumes/Data,
					HD/Users/yoanngini/SVN/Contrib/Unlock/src/Vendors/ddcli/build/Debug,
				);
				PRODUCT_NAME = "$(TARGET_NAME)";
			};
			name = Debug;
		};
		E11FA3F91909AE7400D69D5F /* Release */ = {
			isa = XCBuildConfiguration;
			buildSettings = {
				GCC_PRECOMPILE_PREFIX_HEADER = YES;
				GCC_PREFIX_HEADER = "efvuctl/efvuctl-Prefix.pch";
				LIBRARY_SEARCH_PATHS = (
					"$(inherited)",
					"$(USER_LIBRARY_DIR)/Developer/Xcode/DerivedData/EFVU-ftkabsjstkcengbtytehvttgwopc/Build/Products/Debug",
					/Volumes/Data,
					HD/Users/yoanngini/SVN/Contrib/Unlock/src/Vendors/ddcli/build/Debug,
				);
				PRODUCT_NAME = "$(TARGET_NAME)";
			};
			name = Release;
		};
/* End XCBuildConfiguration section */

/* Begin XCConfigurationList section */
		E11FA3E41909AE7400D69D5F /* Build configuration list for PBXProject "efvuctl" */ = {
			isa = XCConfigurationList;
			buildConfigurations = (
				E11FA3F51909AE7400D69D5F /* Debug */,
				E11FA3F61909AE7400D69D5F /* Release */,
			);
			defaultConfigurationIsVisible = 0;
			defaultConfigurationName = Release;
		};
		E11FA3F71909AE7400D69D5F /* Build configuration list for PBXNativeTarget "efvuctl" */ = {
			isa = XCConfigurationList;
			buildConfigurations = (
				E11FA3F81909AE7400D69D5F /* Debug */,
				E11FA3F91909AE7400D69D5F /* Release */,
			);
			defaultConfigurationIsVisible = 0;
			defaultConfigurationName = Release;
		};
/* End XCConfigurationList section */
	};
	rootObject = E11FA3E11909AE7400D69D5F /* Project object */;
}
